// !$*UTF8*$!
{
	archiveVersion = 1;
	classes = {
	};
	objectVersion = 50;
	objects = {

/* Begin PBXBuildFile section */
		C454BBBA26B2C9EB00B82199 /* AppDelegate.swift in Sources */ = {isa = PBXBuildFile; fileRef = C454BBB926B2C9EB00B82199 /* AppDelegate.swift */; };
		C454BBBC26B2C9EB00B82199 /* SceneDelegate.swift in Sources */ = {isa = PBXBuildFile; fileRef = C454BBBB26B2C9EB00B82199 /* SceneDelegate.swift */; };
		C454BBBE26B2C9EB00B82199 /* ViewController.swift in Sources */ = {isa = PBXBuildFile; fileRef = C454BBBD26B2C9EB00B82199 /* ViewController.swift */; };
		C454BBC126B2C9EB00B82199 /* Main.storyboard in Resources */ = {isa = PBXBuildFile; fileRef = C454BBBF26B2C9EB00B82199 /* Main.storyboard */; };
		C454BBC326B2C9EC00B82199 /* Assets.xcassets in Resources */ = {isa = PBXBuildFile; fileRef = C454BBC226B2C9EC00B82199 /* Assets.xcassets */; };
		C454BBC626B2C9EC00B82199 /* LaunchScreen.storyboard in Resources */ = {isa = PBXBuildFile; fileRef = C454BBC426B2C9EC00B82199 /* LaunchScreen.storyboard */; };
		C454BBCE26B2CF6D00B82199 /* QuizzViewController.swift in Sources */ = {isa = PBXBuildFile; fileRef = C454BBCD26B2CF6D00B82199 /* QuizzViewController.swift */; };
		C454BBD126B2DF6E00B82199 /* AnswerTableViewCell.swift in Sources */ = {isa = PBXBuildFile; fileRef = C454BBCF26B2DF6E00B82199 /* AnswerTableViewCell.swift */; };
		C454BBD226B2DF6E00B82199 /* AnswerTableViewCell.xib in Resources */ = {isa = PBXBuildFile; fileRef = C454BBD026B2DF6E00B82199 /* AnswerTableViewCell.xib */; };
		C4A9C02C26B437BA00201DC7 /* CategoryTableViewCell.swift in Sources */ = {isa = PBXBuildFile; fileRef = C4A9C02A26B437BA00201DC7 /* CategoryTableViewCell.swift */; };
		C4A9C02D26B437BA00201DC7 /* CategoryTableViewCell.xib in Resources */ = {isa = PBXBuildFile; fileRef = C4A9C02B26B437BA00201DC7 /* CategoryTableViewCell.xib */; };
/* End PBXBuildFile section */

/* Begin PBXFileReference section */
		C454BBB626B2C9EB00B82199 /* Easy Science.app */ = {isa = PBXFileReference; explicitFileType = wrapper.application; includeInIndex = 0; path = "Easy Science.app"; sourceTree = BUILT_PRODUCTS_DIR; };
		C454BBB926B2C9EB00B82199 /* AppDelegate.swift */ = {isa = PBXFileReference; lastKnownFileType = sourcecode.swift; path = AppDelegate.swift; sourceTree = "<group>"; };
		C454BBBB26B2C9EB00B82199 /* SceneDelegate.swift */ = {isa = PBXFileReference; lastKnownFileType = sourcecode.swift; path = SceneDelegate.swift; sourceTree = "<group>"; };
		C454BBBD26B2C9EB00B82199 /* ViewController.swift */ = {isa = PBXFileReference; lastKnownFileType = sourcecode.swift; path = ViewController.swift; sourceTree = "<group>"; };
		C454BBC026B2C9EB00B82199 /* Base */ = {isa = PBXFileReference; lastKnownFileType = file.storyboard; name = Base; path = Base.lproj/Main.storyboard; sourceTree = "<group>"; };
		C454BBC226B2C9EC00B82199 /* Assets.xcassets */ = {isa = PBXFileReference; lastKnownFileType = folder.assetcatalog; path = Assets.xcassets; sourceTree = "<group>"; };
		C454BBC526B2C9EC00B82199 /* Base */ = {isa = PBXFileReference; lastKnownFileType = file.storyboard; name = Base; path = Base.lproj/LaunchScreen.storyboard; sourceTree = "<group>"; };
		C454BBC726B2C9EC00B82199 /* Info.plist */ = {isa = PBXFileReference; lastKnownFileType = text.plist.xml; path = Info.plist; sourceTree = "<group>"; };
		C454BBCD26B2CF6D00B82199 /* QuizzViewController.swift */ = {isa = PBXFileReference; lastKnownFileType = sourcecode.swift; path = QuizzViewController.swift; sourceTree = "<group>"; };
		C454BBCF26B2DF6E00B82199 /* AnswerTableViewCell.swift */ = {isa = PBXFileReference; lastKnownFileType = sourcecode.swift; path = AnswerTableViewCell.swift; sourceTree = "<group>"; };
		C454BBD026B2DF6E00B82199 /* AnswerTableViewCell.xib */ = {isa = PBXFileReference; lastKnownFileType = file.xib; path = AnswerTableViewCell.xib; sourceTree = "<group>"; };
		C4A9C02A26B437BA00201DC7 /* CategoryTableViewCell.swift */ = {isa = PBXFileReference; lastKnownFileType = sourcecode.swift; path = CategoryTableViewCell.swift; sourceTree = "<group>"; };
		C4A9C02B26B437BA00201DC7 /* CategoryTableViewCell.xib */ = {isa = PBXFileReference; lastKnownFileType = file.xib; path = CategoryTableViewCell.xib; sourceTree = "<group>"; };
/* End PBXFileReference section */

/* Begin PBXFrameworksBuildPhase section */
		C454BBB326B2C9EB00B82199 /* Frameworks */ = {
			isa = PBXFrameworksBuildPhase;
			buildActionMask = 2147483647;
			files = (
			);
			runOnlyForDeploymentPostprocessing = 0;
		};
/* End PBXFrameworksBuildPhase section */

/* Begin PBXGroup section */
		C454BBAD26B2C9EB00B82199 = {
			isa = PBXGroup;
			children = (
				C454BBB826B2C9EB00B82199 /* NanoCrashChallenge2 */,
				C454BBB726B2C9EB00B82199 /* Products */,
			);
			sourceTree = "<group>";
		};
		C454BBB726B2C9EB00B82199 /* Products */ = {
			isa = PBXGroup;
			children = (
				C454BBB626B2C9EB00B82199 /* Easy Science.app */,
			);
			name = Products;
			sourceTree = "<group>";
		};
		C454BBB826B2C9EB00B82199 /* NanoCrashChallenge2 */ = {
			isa = PBXGroup;
			children = (
				C4A9C02A26B437BA00201DC7 /* CategoryTableViewCell.swift */,
				C4A9C02B26B437BA00201DC7 /* CategoryTableViewCell.xib */,
				C454BBB926B2C9EB00B82199 /* AppDelegate.swift */,
				C454BBBB26B2C9EB00B82199 /* SceneDelegate.swift */,
				C454BBBD26B2C9EB00B82199 /* ViewController.swift */,
				C454BBBF26B2C9EB00B82199 /* Main.storyboard */,
				C454BBC226B2C9EC00B82199 /* Assets.xcassets */,
				C454BBC426B2C9EC00B82199 /* LaunchScreen.storyboard */,
				C454BBC726B2C9EC00B82199 /* Info.plist */,
				C454BBCD26B2CF6D00B82199 /* QuizzViewController.swift */,
				C454BBCF26B2DF6E00B82199 /* AnswerTableViewCell.swift */,
				C454BBD026B2DF6E00B82199 /* AnswerTableViewCell.xib */,
			);
			path = NanoCrashChallenge2;
			sourceTree = "<group>";
		};
/* End PBXGroup section */

/* Begin PBXNativeTarget section */
		C454BBB526B2C9EB00B82199 /* NanoCrashChallenge2 */ = {
			isa = PBXNativeTarget;
			buildConfigurationList = C454BBCA26B2C9EC00B82199 /* Build configuration list for PBXNativeTarget "NanoCrashChallenge2" */;
			buildPhases = (
				C454BBB226B2C9EB00B82199 /* Sources */,
				C454BBB326B2C9EB00B82199 /* Frameworks */,
				C454BBB426B2C9EB00B82199 /* Resources */,
			);
			buildRules = (
			);
			dependencies = (
			);
			name = NanoCrashChallenge2;
			productName = NanoCrashChallenge2;
			productReference = C454BBB626B2C9EB00B82199 /* Easy Science.app */;
			productType = "com.apple.product-type.application";
		};
/* End PBXNativeTarget section */

/* Begin PBXProject section */
		C454BBAE26B2C9EB00B82199 /* Project object */ = {
			isa = PBXProject;
			attributes = {
				LastSwiftUpdateCheck = 1250;
				LastUpgradeCheck = 1250;
				TargetAttributes = {
					C454BBB526B2C9EB00B82199 = {
						CreatedOnToolsVersion = 12.5.1;
					};
				};
			};
			buildConfigurationList = C454BBB126B2C9EB00B82199 /* Build configuration list for PBXProject "NanoCrashChallenge2" */;
			compatibilityVersion = "Xcode 9.3";
			developmentRegion = en;
			hasScannedForEncodings = 0;
			knownRegions = (
				en,
				Base,
			);
			mainGroup = C454BBAD26B2C9EB00B82199;
			productRefGroup = C454BBB726B2C9EB00B82199 /* Products */;
			projectDirPath = "";
			projectRoot = "";
			targets = (
				C454BBB526B2C9EB00B82199 /* NanoCrashChallenge2 */,
			);
		};
/* End PBXProject section */

/* Begin PBXResourcesBuildPhase section */
		C454BBB426B2C9EB00B82199 /* Resources */ = {
			isa = PBXResourcesBuildPhase;
			buildActionMask = 2147483647;
			files = (
				C454BBC626B2C9EC00B82199 /* LaunchScreen.storyboard in Resources */,
				C4A9C02D26B437BA00201DC7 /* CategoryTableViewCell.xib in Resources */,
				C454BBC326B2C9EC00B82199 /* Assets.xcassets in Resources */,
				C454BBC126B2C9EB00B82199 /* Main.storyboard in Resources */,
				C454BBD226B2DF6E00B82199 /* AnswerTableViewCell.xib in Resources */,
			);
			runOnlyForDeploymentPostprocessing = 0;
		};
/* End PBXResourcesBuildPhase section */

/* Begin PBXSourcesBuildPhase section */
		C454BBB226B2C9EB00B82199 /* Sources */ = {
			isa = PBXSourcesBuildPhase;
			buildActionMask = 2147483647;
			files = (
				C454BBBE26B2C9EB00B82199 /* ViewController.swift in Sources */,
				C454BBBA26B2C9EB00B82199 /* AppDelegate.swift in Sources */,
				C454BBCE26B2CF6D00B82199 /* QuizzViewController.swift in Sources */,
				C454BBD126B2DF6E00B82199 /* AnswerTableViewCell.swift in Sources */,
				C454BBBC26B2C9EB00B82199 /* SceneDelegate.swift in Sources */,
				C4A9C02C26B437BA00201DC7 /* CategoryTableViewCell.swift in Sources */,
			);
			runOnlyForDeploymentPostprocessing = 0;
		};
/* End PBXSourcesBuildPhase section */

/* Begin PBXVariantGroup section */
		C454BBBF26B2C9EB00B82199 /* Main.storyboard */ = {
			isa = PBXVariantGroup;
			children = (
				C454BBC026B2C9EB00B82199 /* Base */,
			);
			name = Main.storyboard;
			sourceTree = "<group>";
		};
		C454BBC426B2C9EC00B82199 /* LaunchScreen.storyboard */ = {
			isa = PBXVariantGroup;
			children = (
				C454BBC526B2C9EC00B82199 /* Base */,
			);
			name = LaunchScreen.storyboard;
			sourceTree = "<group>";
		};
/* End PBXVariantGroup section */

/* Begin XCBuildConfiguration section */
		C454BBC826B2C9EC00B82199 /* Debug */ = {
			isa = XCBuildConfiguration;
			buildSettings = {
				ALWAYS_SEARCH_USER_PATHS = NO;
				CLANG_ANALYZER_NONNULL = YES;
				CLANG_ANALYZER_NUMBER_OBJECT_CONVERSION = YES_AGGRESSIVE;
				CLANG_CXX_LANGUAGE_STANDARD = "gnu++14";
				CLANG_CXX_LIBRARY = "libc++";
				CLANG_ENABLE_MODULES = YES;
				CLANG_ENABLE_OBJC_ARC = YES;
				CLANG_ENABLE_OBJC_WEAK = YES;
				CLANG_WARN_BLOCK_CAPTURE_AUTORELEASING = YES;
				CLANG_WARN_BOOL_CONVERSION = YES;
				CLANG_WARN_COMMA = YES;
				CLANG_WARN_CONSTANT_CONVERSION = YES;
				CLANG_WARN_DEPRECATED_OBJC_IMPLEMENTATIONS = YES;
				CLANG_WARN_DIRECT_OBJC_ISA_USAGE = YES_ERROR;
				CLANG_WARN_DOCUMENTATION_COMMENTS = YES;
				CLANG_WARN_EMPTY_BODY = YES;
				CLANG_WARN_ENUM_CONVERSION = YES;
				CLANG_WARN_INFINITE_RECURSION = YES;
				CLANG_WARN_INT_CONVERSION = YES;
				CLANG_WARN_NON_LITERAL_NULL_CONVERSION = YES;
				CLANG_WARN_OBJC_IMPLICIT_RETAIN_SELF = YES;
				CLANG_WARN_OBJC_LITERAL_CONVERSION = YES;
				CLANG_WARN_OBJC_ROOT_CLASS = YES_ERROR;
				CLANG_WARN_QUOTED_INCLUDE_IN_FRAMEWORK_HEADER = YES;
				CLANG_WARN_RANGE_LOOP_ANALYSIS = YES;
				CLANG_WARN_STRICT_PROTOTYPES = YES;
				CLANG_WARN_SUSPICIOUS_MOVE = YES;
				CLANG_WARN_UNGUARDED_AVAILABILITY = YES_AGGRESSIVE;
				CLANG_WARN_UNREACHABLE_CODE = YES;
				CLANG_WARN__DUPLICATE_METHOD_MATCH = YES;
				COPY_PHASE_STRIP = NO;
				DEBUG_INFORMATION_FORMAT = dwarf;
				ENABLE_STRICT_OBJC_MSGSEND = YES;
				ENABLE_TESTABILITY = YES;
				GCC_C_LANGUAGE_STANDARD = gnu11;
				GCC_DYNAMIC_NO_PIC = NO;
				GCC_NO_COMMON_BLOCKS = YES;
				GCC_OPTIMIZATION_LEVEL = 0;
				GCC_PREPROCESSOR_DEFINITIONS = (
					"DEBUG=1",
					"$(inherited)",
				);
				GCC_WARN_64_TO_32_BIT_CONVERSION = YES;
				GCC_WARN_ABOUT_RETURN_TYPE = YES_ERROR;
				GCC_WARN_UNDECLARED_SELECTOR = YES;
				GCC_WARN_UNINITIALIZED_AUTOS = YES_AGGRESSIVE;
				GCC_WARN_UNUSED_FUNCTION = YES;
				GCC_WARN_UNUSED_VARIABLE = YES;
				IPHONEOS_DEPLOYMENT_TARGET = 14.5;
				MTL_ENABLE_DEBUG_INFO = INCLUDE_SOURCE;
				MTL_FAST_MATH = YES;
				ONLY_ACTIVE_ARCH = YES;
				SDKROOT = iphoneos;
				SWIFT_ACTIVE_COMPILATION_CONDITIONS = DEBUG;
				SWIFT_OPTIMIZATION_LEVEL = "-Onone";
			};
			name = Debug;
		};
		C454BBC926B2C9EC00B82199 /* Release */ = {
			isa = XCBuildConfiguration;
			buildSettings = {
				ALWAYS_SEARCH_USER_PATHS = NO;
				CLANG_ANALYZER_NONNULL = YES;
				CLANG_ANALYZER_NUMBER_OBJECT_CONVERSION = YES_AGGRESSIVE;
				CLANG_CXX_LANGUAGE_STANDARD = "gnu++14";
				CLANG_CXX_LIBRARY = "libc++";
				CLANG_ENABLE_MODULES = YES;
				CLANG_ENABLE_OBJC_ARC = YES;
				CLANG_ENABLE_OBJC_WEAK = YES;
				CLANG_WARN_BLOCK_CAPTURE_AUTORELEASING = YES;
				CLANG_WARN_BOOL_CONVERSION = YES;
				CLANG_WARN_COMMA = YES;
				CLANG_WARN_CONSTANT_CONVERSION = YES;
				CLANG_WARN_DEPRECATED_OBJC_IMPLEMENTATIONS = YES;
				CLANG_WARN_DIRECT_OBJC_ISA_USAGE = YES_ERROR;
				CLANG_WARN_DOCUMENTATION_COMMENTS = YES;
				CLANG_WARN_EMPTY_BODY = YES;
				CLANG_WARN_ENUM_CONVERSION = YES;
				CLANG_WARN_INFINITE_RECURSION = YES;
				CLANG_WARN_INT_CONVERSION = YES;
				CLANG_WARN_NON_LITERAL_NULL_CONVERSION = YES;
				CLANG_WARN_OBJC_IMPLICIT_RETAIN_SELF = YES;
				CLANG_WARN_OBJC_LITERAL_CONVERSION = YES;
				CLANG_WARN_OBJC_ROOT_CLASS = YES_ERROR;
				CLANG_WARN_QUOTED_INCLUDE_IN_FRAMEWORK_HEADER = YES;
				CLANG_WARN_RANGE_LOOP_ANALYSIS = YES;
				CLANG_WARN_STRICT_PROTOTYPES = YES;
				CLANG_WARN_SUSPICIOUS_MOVE = YES;
				CLANG_WARN_UNGUARDED_AVAILABILITY = YES_AGGRESSIVE;
				CLANG_WARN_UNREACHABLE_CODE = YES;
				CLANG_WARN__DUPLICATE_METHOD_MATCH = YES;
				COPY_PHASE_STRIP = NO;
				DEBUG_INFORMATION_FORMAT = "dwarf-with-dsym";
				ENABLE_NS_ASSERTIONS = NO;
				ENABLE_STRICT_OBJC_MSGSEND = YES;
				GCC_C_LANGUAGE_STANDARD = gnu11;
				GCC_NO_COMMON_BLOCKS = YES;
				GCC_WARN_64_TO_32_BIT_CONVERSION = YES;
				GCC_WARN_ABOUT_RETURN_TYPE = YES_ERROR;
				GCC_WARN_UNDECLARED_SELECTOR = YES;
				GCC_WARN_UNINITIALIZED_AUTOS = YES_AGGRESSIVE;
				GCC_WARN_UNUSED_FUNCTION = YES;
				GCC_WARN_UNUSED_VARIABLE = YES;
				IPHONEOS_DEPLOYMENT_TARGET = 14.5;
				MTL_ENABLE_DEBUG_INFO = NO;
				MTL_FAST_MATH = YES;
				SDKROOT = iphoneos;
				SWIFT_COMPILATION_MODE = wholemodule;
				SWIFT_OPTIMIZATION_LEVEL = "-O";
				VALIDATE_PRODUCT = YES;
			};
			name = Release;
		};
		C454BBCB26B2C9EC00B82199 /* Debug */ = {
			isa = XCBuildConfiguration;
			buildSettings = {
				ASSETCATALOG_COMPILER_APPICON_NAME = AppIcon;
				ASSETCATALOG_COMPILER_GLOBAL_ACCENT_COLOR_NAME = AccentColor;
				CODE_SIGN_STYLE = Automatic;
				DEVELOPMENT_TEAM = HQJF9G685U;
				INFOPLIST_FILE = NanoCrashChallenge2/Info.plist;
				LD_RUNPATH_SEARCH_PATHS = (
					"$(inherited)",
					"@executable_path/Frameworks",
				);
				PRODUCT_BUNDLE_IDENTIFIER = br.dev.picolo.NanoCrashChallenge2;
				PRODUCT_NAME = "Easy Science";
				SWIFT_VERSION = 5.0;
				TARGETED_DEVICE_FAMILY = "1,2";
			};
			name = Debug;
		};
		C454BBCC26B2C9EC00B82199 /* Release */ = {
			isa = XCBuildConfiguration;
			buildSettings = {
				ASSETCATALOG_COMPILER_APPICON_NAME = AppIcon;
				ASSETCATALOG_COMPILER_GLOBAL_ACCENT_COLOR_NAME = AccentColor;
				CODE_SIGN_STYLE = Automatic;
				DEVELOPMENT_TEAM = HQJF9G685U;
				INFOPLIST_FILE = NanoCrashChallenge2/Info.plist;
				LD_RUNPATH_SEARCH_PATHS = (
					"$(inherited)",
					"@executable_path/Frameworks",
				);
				PRODUCT_BUNDLE_IDENTIFIER = br.dev.picolo.NanoCrashChallenge2;
				PRODUCT_NAME = "Easy Science";
				SWIFT_VERSION = 5.0;
				TARGETED_DEVICE_FAMILY = "1,2";
			};
			name = Release;
		};
/* End XCBuildConfiguration section */

/* Begin XCConfigurationList section */
		C454BBB126B2C9EB00B82199 /* Build configuration list for PBXProject "NanoCrashChallenge2" */ = {
			isa = XCConfigurationList;
			buildConfigurations = (
				C454BBC826B2C9EC00B82199 /* Debug */,
				C454BBC926B2C9EC00B82199 /* Release */,
			);
			defaultConfigurationIsVisible = 0;
			defaultConfigurationName = Release;
		};
		C454BBCA26B2C9EC00B82199 /* Build configuration list for PBXNativeTarget "NanoCrashChallenge2" */ = {
			isa = XCConfigurationList;
			buildConfigurations = (
				C454BBCB26B2C9EC00B82199 /* Debug */,
				C454BBCC26B2C9EC00B82199 /* Release */,
			);
			defaultConfigurationIsVisible = 0;
			defaultConfigurationName = Release;
		};
/* End XCConfigurationList section */
	};
	rootObject = C454BBAE26B2C9EB00B82199 /* Project object */;
}
